
Microsoft Visual Studio Solution File, Format Version 12.00
# Visual Studio 14
VisualStudioVersion = 14.0.23107.0
MinimumVisualStudioVersion = 10.0.40219.1
Project("{FAE04EC0-301F-11D3-BF4B-00C04F79EFBC}") = "FifaPSL.WebApi", "FifaPSL.WebApi\FifaPSL.WebApi.csproj", "{31135D97-3F28-4816-AD39-6752340B6535}"
EndProject
Project("{FAE04EC0-301F-11D3-BF4B-00C04F79EFBC}") = "FifaPSL.DAL", "FifaPSL.DAL\FifaPSL.DAL.csproj", "{F06E80FC-2B01-4FCF-BF6A-21037D3352C8}"
EndProject
Global
	GlobalSection(SolutionConfigurationPlatforms) = preSolution
		Debug|Any CPU = Debug|Any CPU
		Release|Any CPU = Release|Any CPU
	EndGlobalSection
	GlobalSection(ProjectConfigurationPlatforms) = postSolution
		{31135D97-3F28-4816-AD39-6752340B6535}.Debug|Any CPU.ActiveCfg = Debug|Any CPU
		{31135D97-3F28-4816-AD39-6752340B6535}.Debug|Any CPU.Build.0 = Debug|Any CPU
		{31135D97-3F28-4816-AD39-6752340B6535}.Release|Any CPU.ActiveCfg = Release|Any CPU
		{31135D97-3F28-4816-AD39-6752340B6535}.Release|Any CPU.Build.0 = Release|Any CPU
		{F06E80FC-2B01-4FCF-BF6A-21037D3352C8}.Debug|Any CPU.ActiveCfg = Debug|Any CPU
		{F06E80FC-2B01-4FCF-BF6A-21037D3352C8}.Debug|Any CPU.Build.0 = Debug|Any CPU
		{F06E80FC-2B01-4FCF-BF6A-21037D3352C8}.Release|Any CPU.ActiveCfg = Release|Any CPU
		{F06E80FC-2B01-4FCF-BF6A-21037D3352C8}.Release|Any CPU.Build.0 = Release|Any CPU
	EndGlobalSection
	GlobalSection(SolutionProperties) = preSolution
		HideSolutionNode = FALSE
	EndGlobalSection
EndGlobal
